
Microsoft Visual Studio Solution File, Format Version 12.00
# Visual Studio 2013
VisualStudioVersion = 12.0.30501.0
MinimumVisualStudioVersion = 10.0.40219.1
Project("{FAE04EC0-301F-11D3-BF4B-00C04F79EFBC}") = "LabeledTextBox", "LabeledTextBox\LabeledTextBox.csproj", "{D8C0CE00-4852-42BB-9FF5-ED380074F8DC}"
EndProject
Global
	GlobalSection(SolutionConfigurationPlatforms) = preSolution
		Debug|Any CPU = Debug|Any CPU
		Release|Any CPU = Release|Any CPU
	EndGlobalSection
	GlobalSection(ProjectConfigurationPlatforms) = postSolution
		{D8C0CE00-4852-42BB-9FF5-ED380074F8DC}.Debug|Any CPU.ActiveCfg = Debug|Any CPU
		{D8C0CE00-4852-42BB-9FF5-ED380074F8DC}.Debug|Any CPU.Build.0 = Debug|Any CPU
		{D8C0CE00-4852-42BB-9FF5-ED380074F8DC}.Release|Any CPU.ActiveCfg = Release|Any CPU
		{D8C0CE00-4852-42BB-9FF5-ED380074F8DC}.Release|Any CPU.Build.0 = Release|Any CPU
	EndGlobalSection
	GlobalSection(SolutionProperties) = preSolution
		HideSolutionNode = FALSE
	EndGlobalSection
EndGlobal
